{
  "name": "stereo-img-article",
  "version": "1.0.0",
  "lockfileVersion": 1,
  "requires": true,
  "dependencies": {
    "exifr": {
      "version": "7.1.3",
      "resolved": "https://registry.npmjs.org/exifr/-/exifr-7.1.3.tgz",
      "integrity": "sha512-g/aje2noHivrRSLbAUtBPWFbxKdKhgj/xr1vATDdUXPOFYJlQ62Ft0oy+72V6XLIpDJfHs6gXLbBLAolqOXYRw=="
    },
    "stereo-img": {
      "version": "1.2.0",
      "resolved": "https://registry.npmjs.org/stereo-img/-/stereo-img-1.2.0.tgz",
      "integrity": "sha512-XzQHeBVaUjNzAeu7ukFrNq9NZ9u23Vz+QTWvtjeIq5CnLWyGHjjjnix15cgPWdYNvBzvAAFQfqeSmd9r75nJfQ==",
      "requires": {
        "exifr": "^7.1.3",
        "three": "^0.134.0"
      }
    },
    "three": {
      "version": "0.134.0",
      "resolved": "https://registry.npmjs.org/three/-/three-0.134.0.tgz",
      "integrity": "sha512-LbBerg7GaSPjYtTOnu41AMp7tV6efUNR3p4Wk5NzkSsNTBuA5mDGOfwwZL1jhhVMLx9V20HolIUo0+U3AXehbg=="
    }
  }
}
